
Microsoft Visual Studio Solution File, Format Version 12.00
# Visual Studio 15
VisualStudioVersion = 15.0.27130.2020
MinimumVisualStudioVersion = 10.0.40219.1
Project("{888888A0-9F3D-457C-B088-3A5042F75D52}") = "Zadanie2 praca python", "Zadanie2 praca python\Zadanie2 praca python.pyproj", "{2932C015-A07B-483B-9494-E7FDE05AB6F8}"
EndProject
Global
	GlobalSection(SolutionConfigurationPlatforms) = preSolution
		Debug|Any CPU = Debug|Any CPU
		Release|Any CPU = Release|Any CPU
	EndGlobalSection
	GlobalSection(ProjectConfigurationPlatforms) = postSolution
		{2932C015-A07B-483B-9494-E7FDE05AB6F8}.Debug|Any CPU.ActiveCfg = Debug|Any CPU
		{2932C015-A07B-483B-9494-E7FDE05AB6F8}.Release|Any CPU.ActiveCfg = Release|Any CPU
	EndGlobalSection
	GlobalSection(SolutionProperties) = preSolution
		HideSolutionNode = FALSE
	EndGlobalSection
	GlobalSection(ExtensibilityGlobals) = postSolution
		SolutionGuid = {2B0AE5EC-3FE2-4E96-A867-95227CA2B2A1}
	EndGlobalSection
EndGlobal
